dependencies:
- name: dragonfly
  repository: oci://ghcr.io/dragonflydb/dragonfly/helm
  version: v1.34.1
- name: sulfoxide-bromine
  repository: oci://ghcr.io/atomicloud/sulfoxide.bromine
  version: 1.8.0
- name: postgresql
  repository: oci://registry-1.docker.io/bitnamicharts
  version: 15.5.16
digest: sha256:bbb0c86add378aaa1e810d76a23268b1426a3b2b6d15d1b0445a606df78ca79c
generated: "2026-06-10T18:44:47.743958-07:00"
