dependencies:
- name: dragonfly
  repository: oci://ghcr.io/dragonflydb/dragonfly/helm
  version: v1.34.1
- name: sulfoxide-bromine
  repository: oci://ghcr.io/atomicloud/sulfoxide.bromine
  version: 1.8.0
- name: postgresql
  repository: oci://registry-1.docker.io/bitnamicharts
  version: 15.5.16
digest: sha256:00d10ce64ff8275948858039f6b7880efa23580df9bf442c7fd4a6130b59e266
generated: "2026-06-11T11:06:50.257266-07:00"
